
Microsoft Visual Studio Solution File, Format Version 12.00
# Visual Studio 15
VisualStudioVersion = 15.0.28307.779
MinimumVisualStudioVersion = 10.0.40219.1
Project("{FAE04EC0-301F-11D3-BF4B-00C04F79EFBC}") = "MoreDescriptiveGreeting", "MoreDescriptiveGreeting\MoreDescriptiveGreeting.csproj", "{B224567E-6DCB-4ED8-84A2-4CC730F7933D}"
EndProject
Global
	GlobalSection(SolutionConfigurationPlatforms) = preSolution
		Debug|Any CPU = Debug|Any CPU
		Release|Any CPU = Release|Any CPU
	EndGlobalSection
	GlobalSection(ProjectConfigurationPlatforms) = postSolution
		{B224567E-6DCB-4ED8-84A2-4CC730F7933D}.Debug|Any CPU.ActiveCfg = Debug|Any CPU
		{B224567E-6DCB-4ED8-84A2-4CC730F7933D}.Debug|Any CPU.Build.0 = Debug|Any CPU
		{B224567E-6DCB-4ED8-84A2-4CC730F7933D}.Release|Any CPU.ActiveCfg = Release|Any CPU
		{B224567E-6DCB-4ED8-84A2-4CC730F7933D}.Release|Any CPU.Build.0 = Release|Any CPU
	EndGlobalSection
	GlobalSection(SolutionProperties) = preSolution
		HideSolutionNode = FALSE
	EndGlobalSection
	GlobalSection(ExtensibilityGlobals) = postSolution
		SolutionGuid = {32348B11-AE6F-4C4E-AC98-E8940F92BD96}
	EndGlobalSection
EndGlobal
